
Microsoft Visual Studio Solution File, Format Version 12.00
# Visual Studio Version 17
VisualStudioVersion = 17.1.32414.318
MinimumVisualStudioVersion = 10.0.40219.1
Project("{FAE04EC0-301F-11D3-BF4B-00C04F79EFBC}") = "WordsChallenge", "WordsChallenge\WordsChallenge.csproj", "{FFFE0D34-564E-4613-B0F3-A6F2AB494918}"
EndProject
Global
	GlobalSection(SolutionConfigurationPlatforms) = preSolution
		Debug|Any CPU = Debug|Any CPU
		Release|Any CPU = Release|Any CPU
	EndGlobalSection
	GlobalSection(ProjectConfigurationPlatforms) = postSolution
		{FFFE0D34-564E-4613-B0F3-A6F2AB494918}.Debug|Any CPU.ActiveCfg = Debug|Any CPU
		{FFFE0D34-564E-4613-B0F3-A6F2AB494918}.Debug|Any CPU.Build.0 = Debug|Any CPU
		{FFFE0D34-564E-4613-B0F3-A6F2AB494918}.Release|Any CPU.ActiveCfg = Release|Any CPU
		{FFFE0D34-564E-4613-B0F3-A6F2AB494918}.Release|Any CPU.Build.0 = Release|Any CPU
	EndGlobalSection
	GlobalSection(SolutionProperties) = preSolution
		HideSolutionNode = FALSE
	EndGlobalSection
	GlobalSection(ExtensibilityGlobals) = postSolution
		SolutionGuid = {39E2FDE2-D34F-4A6E-86BA-BB8FD4E80F60}
	EndGlobalSection
EndGlobal
